
Microsoft Visual Studio Solution File, Format Version 12.00
# Visual Studio Version 17
VisualStudioVersion = 17.0.31903.59
MinimumVisualStudioVersion = 10.0.40219.1
Project("{FAE04EC0-301F-11D3-BF4B-00C04F79EFBC}") = "SmoothOperator", "SmoothOperator\SmoothOperator.csproj", "{5CAB5CBC-48F5-4FD2-896D-B33384FF7FC4}"
EndProject
Project("{FAE04EC0-301F-11D3-BF4B-00C04F79EFBC}") = "VariousOperators", "VariousOperators\VariousOperators.csproj", "{2F1877A9-4C2E-48FA-A53F-53DD6DECB6F6}"
EndProject
Project("{FAE04EC0-301F-11D3-BF4B-00C04F79EFBC}") = "Cilindro", "Cilindro\Cilindro.csproj", "{07451E19-1361-4ECC-804F-31A55E956A6A}"
EndProject
Project("{FAE04EC0-301F-11D3-BF4B-00C04F79EFBC}") = "ValoresEspeciais", "ValoresEspeciais\ValoresEspeciais.csproj", "{2001FA7D-7AB8-40A8-A081-D9B3FD3AD74A}"
EndProject
Project("{FAE04EC0-301F-11D3-BF4B-00C04F79EFBC}") = "ChatGPTZero", "ChatGPTZero\ChatGPTZero.csproj", "{A44F1918-D58A-4675-8B40-D6272507E068}"
EndProject
Project("{FAE04EC0-301F-11D3-BF4B-00C04F79EFBC}") = "IfExample", "IfExample\IfExample.csproj", "{CE159881-D917-4A52-B988-A9F71F7E3C60}"
EndProject
Project("{FAE04EC0-301F-11D3-BF4B-00C04F79EFBC}") = "BreakContinue", "BreakContinue\BreakContinue.csproj", "{67B2CE62-DD08-4BC9-ADAA-EF30FC3EF788}"
EndProject
Global
	GlobalSection(SolutionConfigurationPlatforms) = preSolution
		Debug|Any CPU = Debug|Any CPU
		Release|Any CPU = Release|Any CPU
	EndGlobalSection
	GlobalSection(SolutionProperties) = preSolution
		HideSolutionNode = FALSE
	EndGlobalSection
	GlobalSection(ProjectConfigurationPlatforms) = postSolution
		{5CAB5CBC-48F5-4FD2-896D-B33384FF7FC4}.Debug|Any CPU.ActiveCfg = Debug|Any CPU
		{5CAB5CBC-48F5-4FD2-896D-B33384FF7FC4}.Debug|Any CPU.Build.0 = Debug|Any CPU
		{5CAB5CBC-48F5-4FD2-896D-B33384FF7FC4}.Release|Any CPU.ActiveCfg = Release|Any CPU
		{5CAB5CBC-48F5-4FD2-896D-B33384FF7FC4}.Release|Any CPU.Build.0 = Release|Any CPU
		{2F1877A9-4C2E-48FA-A53F-53DD6DECB6F6}.Debug|Any CPU.ActiveCfg = Debug|Any CPU
		{2F1877A9-4C2E-48FA-A53F-53DD6DECB6F6}.Debug|Any CPU.Build.0 = Debug|Any CPU
		{2F1877A9-4C2E-48FA-A53F-53DD6DECB6F6}.Release|Any CPU.ActiveCfg = Release|Any CPU
		{2F1877A9-4C2E-48FA-A53F-53DD6DECB6F6}.Release|Any CPU.Build.0 = Release|Any CPU
		{07451E19-1361-4ECC-804F-31A55E956A6A}.Debug|Any CPU.ActiveCfg = Debug|Any CPU
		{07451E19-1361-4ECC-804F-31A55E956A6A}.Debug|Any CPU.Build.0 = Debug|Any CPU
		{07451E19-1361-4ECC-804F-31A55E956A6A}.Release|Any CPU.ActiveCfg = Release|Any CPU
		{07451E19-1361-4ECC-804F-31A55E956A6A}.Release|Any CPU.Build.0 = Release|Any CPU
		{2001FA7D-7AB8-40A8-A081-D9B3FD3AD74A}.Debug|Any CPU.ActiveCfg = Debug|Any CPU
		{2001FA7D-7AB8-40A8-A081-D9B3FD3AD74A}.Debug|Any CPU.Build.0 = Debug|Any CPU
		{2001FA7D-7AB8-40A8-A081-D9B3FD3AD74A}.Release|Any CPU.ActiveCfg = Release|Any CPU
		{2001FA7D-7AB8-40A8-A081-D9B3FD3AD74A}.Release|Any CPU.Build.0 = Release|Any CPU
		{A44F1918-D58A-4675-8B40-D6272507E068}.Debug|Any CPU.ActiveCfg = Debug|Any CPU
		{A44F1918-D58A-4675-8B40-D6272507E068}.Debug|Any CPU.Build.0 = Debug|Any CPU
		{A44F1918-D58A-4675-8B40-D6272507E068}.Release|Any CPU.ActiveCfg = Release|Any CPU
		{A44F1918-D58A-4675-8B40-D6272507E068}.Release|Any CPU.Build.0 = Release|Any CPU
		{CE159881-D917-4A52-B988-A9F71F7E3C60}.Debug|Any CPU.ActiveCfg = Debug|Any CPU
		{CE159881-D917-4A52-B988-A9F71F7E3C60}.Debug|Any CPU.Build.0 = Debug|Any CPU
		{CE159881-D917-4A52-B988-A9F71F7E3C60}.Release|Any CPU.ActiveCfg = Release|Any CPU
		{CE159881-D917-4A52-B988-A9F71F7E3C60}.Release|Any CPU.Build.0 = Release|Any CPU
		{67B2CE62-DD08-4BC9-ADAA-EF30FC3EF788}.Debug|Any CPU.ActiveCfg = Debug|Any CPU
		{67B2CE62-DD08-4BC9-ADAA-EF30FC3EF788}.Debug|Any CPU.Build.0 = Debug|Any CPU
		{67B2CE62-DD08-4BC9-ADAA-EF30FC3EF788}.Release|Any CPU.ActiveCfg = Release|Any CPU
		{67B2CE62-DD08-4BC9-ADAA-EF30FC3EF788}.Release|Any CPU.Build.0 = Release|Any CPU
	EndGlobalSection
EndGlobal
